
Microsoft Visual Studio Solution File, Format Version 12.00
# Visual Studio 15
VisualStudioVersion = 15.0.26730.10
MinimumVisualStudioVersion = 10.0.40219.1
Project("{FAE04EC0-301F-11D3-BF4B-00C04F79EFBC}") = "WebApiProxy.Core", "WebApiProxy.Core\WebApiProxy.Core.csproj", "{94508206-8537-4088-923B-E7FCB0539903}"
EndProject
Project("{FAE04EC0-301F-11D3-BF4B-00C04F79EFBC}") = "WebApiProxy.Tasks", "WebApiProxy.Tasks\WebApiProxy.Tasks.csproj", "{A635DE23-DDC1-43ED-BC5D-D49B7E8A4355}"
EndProject
Project("{FAE04EC0-301F-11D3-BF4B-00C04F79EFBC}") = "WebApiProxy.Server", "WebApiProxy.Server\WebApiProxy.Server.csproj", "{4E5B8C2F-9008-4A17-ABD1-A92E046C6A1E}"
EndProject
Project("{2150E333-8FDC-42A3-9474-1A3956D46DE8}") = "Tests", "Tests", "{15B83F07-91D8-41A1-B36F-178348D70B1E}"
EndProject
Project("{FAE04EC0-301F-11D3-BF4B-00C04F79EFBC}") = "WebApiProxy.TestServer", "WebApiProxy.TestServer\WebApiProxy.TestServer.csproj", "{6FC4DBB6-1C6A-4B9B-B362-D2688AB9A049}"
EndProject
Project("{FAE04EC0-301F-11D3-BF4B-00C04F79EFBC}") = "WebApiProxy.TestClient", "WebApiProxy.TestClient\WebApiProxy.TestClient.csproj", "{27545ED2-BE6A-44B9-AEE7-BDBE058E4ED8}"
EndProject
Project("{FAE04EC0-301F-11D3-BF4B-00C04F79EFBC}") = "WebApiProxy.TestGenerateClient", "WebApiProxy.TestGenerateClient\WebApiProxy.TestGenerateClient.csproj", "{30B51819-2222-4C24-B943-F891B5C9EA30}"
EndProject
Project("{FAE04EC0-301F-11D3-BF4B-00C04F79EFBC}") = "WebApiProxy.TestNetStandard", "WebApiProxy.TestNetStandard\WebApiProxy.TestNetStandard.csproj", "{F1E4317F-53B2-4DFA-9A25-D63C108C467B}"
EndProject
Global
	GlobalSection(SolutionConfigurationPlatforms) = preSolution
		Debug|Any CPU = Debug|Any CPU
		Release|Any CPU = Release|Any CPU
	EndGlobalSection
	GlobalSection(ProjectConfigurationPlatforms) = postSolution
		{94508206-8537-4088-923B-E7FCB0539903}.Debug|Any CPU.ActiveCfg = Debug|Any CPU
		{94508206-8537-4088-923B-E7FCB0539903}.Debug|Any CPU.Build.0 = Debug|Any CPU
		{94508206-8537-4088-923B-E7FCB0539903}.Release|Any CPU.ActiveCfg = Release|Any CPU
		{94508206-8537-4088-923B-E7FCB0539903}.Release|Any CPU.Build.0 = Release|Any CPU
		{A635DE23-DDC1-43ED-BC5D-D49B7E8A4355}.Debug|Any CPU.ActiveCfg = Debug|Any CPU
		{A635DE23-DDC1-43ED-BC5D-D49B7E8A4355}.Debug|Any CPU.Build.0 = Debug|Any CPU
		{A635DE23-DDC1-43ED-BC5D-D49B7E8A4355}.Release|Any CPU.ActiveCfg = Release|Any CPU
		{A635DE23-DDC1-43ED-BC5D-D49B7E8A4355}.Release|Any CPU.Build.0 = Release|Any CPU
		{4E5B8C2F-9008-4A17-ABD1-A92E046C6A1E}.Debug|Any CPU.ActiveCfg = Debug|Any CPU
		{4E5B8C2F-9008-4A17-ABD1-A92E046C6A1E}.Debug|Any CPU.Build.0 = Debug|Any CPU
		{4E5B8C2F-9008-4A17-ABD1-A92E046C6A1E}.Release|Any CPU.ActiveCfg = Release|Any CPU
		{4E5B8C2F-9008-4A17-ABD1-A92E046C6A1E}.Release|Any CPU.Build.0 = Release|Any CPU
		{6FC4DBB6-1C6A-4B9B-B362-D2688AB9A049}.Debug|Any CPU.ActiveCfg = Debug|Any CPU
		{6FC4DBB6-1C6A-4B9B-B362-D2688AB9A049}.Debug|Any CPU.Build.0 = Debug|Any CPU
		{6FC4DBB6-1C6A-4B9B-B362-D2688AB9A049}.Release|Any CPU.ActiveCfg = Release|Any CPU
		{6FC4DBB6-1C6A-4B9B-B362-D2688AB9A049}.Release|Any CPU.Build.0 = Release|Any CPU
		{27545ED2-BE6A-44B9-AEE7-BDBE058E4ED8}.Debug|Any CPU.ActiveCfg = Debug|Any CPU
		{27545ED2-BE6A-44B9-AEE7-BDBE058E4ED8}.Debug|Any CPU.Build.0 = Debug|Any CPU
		{27545ED2-BE6A-44B9-AEE7-BDBE058E4ED8}.Release|Any CPU.ActiveCfg = Release|Any CPU
		{27545ED2-BE6A-44B9-AEE7-BDBE058E4ED8}.Release|Any CPU.Build.0 = Release|Any CPU
		{30B51819-2222-4C24-B943-F891B5C9EA30}.Debug|Any CPU.ActiveCfg = Debug|Any CPU
		{30B51819-2222-4C24-B943-F891B5C9EA30}.Debug|Any CPU.Build.0 = Debug|Any CPU
		{30B51819-2222-4C24-B943-F891B5C9EA30}.Release|Any CPU.ActiveCfg = Release|Any CPU
		{30B51819-2222-4C24-B943-F891B5C9EA30}.Release|Any CPU.Build.0 = Release|Any CPU
		{F1E4317F-53B2-4DFA-9A25-D63C108C467B}.Debug|Any CPU.ActiveCfg = Debug|Any CPU
		{F1E4317F-53B2-4DFA-9A25-D63C108C467B}.Debug|Any CPU.Build.0 = Debug|Any CPU
		{F1E4317F-53B2-4DFA-9A25-D63C108C467B}.Release|Any CPU.ActiveCfg = Release|Any CPU
		{F1E4317F-53B2-4DFA-9A25-D63C108C467B}.Release|Any CPU.Build.0 = Release|Any CPU
	EndGlobalSection
	GlobalSection(SolutionProperties) = preSolution
		HideSolutionNode = FALSE
	EndGlobalSection
	GlobalSection(NestedProjects) = preSolution
		{6FC4DBB6-1C6A-4B9B-B362-D2688AB9A049} = {15B83F07-91D8-41A1-B36F-178348D70B1E}
		{27545ED2-BE6A-44B9-AEE7-BDBE058E4ED8} = {15B83F07-91D8-41A1-B36F-178348D70B1E}
		{30B51819-2222-4C24-B943-F891B5C9EA30} = {15B83F07-91D8-41A1-B36F-178348D70B1E}
		{F1E4317F-53B2-4DFA-9A25-D63C108C467B} = {15B83F07-91D8-41A1-B36F-178348D70B1E}
	EndGlobalSection
	GlobalSection(ExtensibilityGlobals) = postSolution
		SolutionGuid = {07C17D38-DC55-47A7-9570-BE0C8C90367F}
	EndGlobalSection
EndGlobal
